// !$*UTF8*$!
{
	archiveVersion = 1;
	classes = {
	};
	objectVersion = 56;
	objects = {

/* Begin PBXBuildFile section */
		17E6B3FE299A8E560004E91B /* ProductBrandApp.swift in Sources */ = {isa = PBXBuildFile; fileRef = 17E6B3FD299A8E560004E91B /* ProductBrandApp.swift */; };
		17E6B402299A8E580004E91B /* Assets.xcassets in Resources */ = {isa = PBXBuildFile; fileRef = 17E6B401299A8E580004E91B /* Assets.xcassets */; };
		17E6B405299A8E580004E91B /* Preview Assets.xcassets in Resources */ = {isa = PBXBuildFile; fileRef = 17E6B404299A8E580004E91B /* Preview Assets.xcassets */; };
		17E6B40F299A8E580004E91B /* ProductBrandTests.swift in Sources */ = {isa = PBXBuildFile; fileRef = 17E6B40E299A8E580004E91B /* ProductBrandTests.swift */; };
		17E6B419299A8E580004E91B /* ProductBrandUITests.swift in Sources */ = {isa = PBXBuildFile; fileRef = 17E6B418299A8E580004E91B /* ProductBrandUITests.swift */; };
		17E6B41B299A8E580004E91B /* ProductBrandUITestsLaunchTests.swift in Sources */ = {isa = PBXBuildFile; fileRef = 17E6B41A299A8E580004E91B /* ProductBrandUITestsLaunchTests.swift */; };
		17E6B429299A8EAF0004E91B /* ApiRequest.swift in Sources */ = {isa = PBXBuildFile; fileRef = 17E6B428299A8EAF0004E91B /* ApiRequest.swift */; };
		17E6B42B299A8F250004E91B /* ViewModel.swift in Sources */ = {isa = PBXBuildFile; fileRef = 17E6B42A299A8F250004E91B /* ViewModel.swift */; };
		17E6B42F299A902B0004E91B /* ServiceError.swift in Sources */ = {isa = PBXBuildFile; fileRef = 17E6B42E299A902B0004E91B /* ServiceError.swift */; };
		17E6B436299AF3C40004E91B /* ProductRequest.swift in Sources */ = {isa = PBXBuildFile; fileRef = 17E6B435299AF3C40004E91B /* ProductRequest.swift */; };
		17E6B439299AF7C50004E91B /* Product.swift in Sources */ = {isa = PBXBuildFile; fileRef = 17E6B438299AF7C50004E91B /* Product.swift */; };
		17E6B43B299AFD440004E91B /* Service.swift in Sources */ = {isa = PBXBuildFile; fileRef = 17E6B43A299AFD440004E91B /* Service.swift */; };
		17E6B43E299AFD9F0004E91B /* ProductService.swift in Sources */ = {isa = PBXBuildFile; fileRef = 17E6B43D299AFD9F0004E91B /* ProductService.swift */; };
		17E6B440299AFE4C0004E91B /* ProductViewModel.swift in Sources */ = {isa = PBXBuildFile; fileRef = 17E6B43F299AFE4C0004E91B /* ProductViewModel.swift */; };
		17E6B443299B025B0004E91B /* DashboardView.swift in Sources */ = {isa = PBXBuildFile; fileRef = 17E6B442299B025B0004E91B /* DashboardView.swift */; };
		17E6B445299B0B9D0004E91B /* ProductView.swift in Sources */ = {isa = PBXBuildFile; fileRef = 17E6B444299B0B9D0004E91B /* ProductView.swift */; };
		17E6B447299B1D6D0004E91B /* SegmentBar.swift in Sources */ = {isa = PBXBuildFile; fileRef = 17E6B446299B1D6D0004E91B /* SegmentBar.swift */; };
		17E6B44B299B64D30004E91B /* ProductDetailsView.swift in Sources */ = {isa = PBXBuildFile; fileRef = 17E6B44A299B64D30004E91B /* ProductDetailsView.swift */; };
		17E6B450299B991D0004E91B /* RemoteImage.swift in Sources */ = {isa = PBXBuildFile; fileRef = 17E6B44F299B991D0004E91B /* RemoteImage.swift */; };
		17E6B452299B9A600004E91B /* URLImage.swift in Sources */ = {isa = PBXBuildFile; fileRef = 17E6B451299B9A600004E91B /* URLImage.swift */; };
		17E6B455299BB7FF0004E91B /* ImageOverlay.swift in Sources */ = {isa = PBXBuildFile; fileRef = 17E6B454299BB7FF0004E91B /* ImageOverlay.swift */; };
		17E6B458299BB9930004E91B /* APIServiceTest.swift in Sources */ = {isa = PBXBuildFile; fileRef = 17E6B457299BB9930004E91B /* APIServiceTest.swift */; };
		17E6B45A299BBAA20004E91B /* MockAPIService.swift in Sources */ = {isa = PBXBuildFile; fileRef = 17E6B459299BBAA20004E91B /* MockAPIService.swift */; };
		17E6B45C299BDBC00004E91B /* MockRequest.swift in Sources */ = {isa = PBXBuildFile; fileRef = 17E6B45B299BDBC00004E91B /* MockRequest.swift */; };
/* End PBXBuildFile section */

/* Begin PBXContainerItemProxy section */
		17E6B40B299A8E580004E91B /* PBXContainerItemProxy */ = {
			isa = PBXContainerItemProxy;
			containerPortal = 17E6B3F2299A8E560004E91B /* Project object */;
			proxyType = 1;
			remoteGlobalIDString = 17E6B3F9299A8E560004E91B;
			remoteInfo = ProductBrand;
		};
		17E6B415299A8E580004E91B /* PBXContainerItemProxy */ = {
			isa = PBXContainerItemProxy;
			containerPortal = 17E6B3F2299A8E560004E91B /* Project object */;
			proxyType = 1;
			remoteGlobalIDString = 17E6B3F9299A8E560004E91B;
			remoteInfo = ProductBrand;
		};
/* End PBXContainerItemProxy section */

/* Begin PBXFileReference section */
		17E6B3FA299A8E560004E91B /* ProductBrand.app */ = {isa = PBXFileReference; explicitFileType = wrapper.application; includeInIndex = 0; path = ProductBrand.app; sourceTree = BUILT_PRODUCTS_DIR; };
		17E6B3FD299A8E560004E91B /* ProductBrandApp.swift */ = {isa = PBXFileReference; lastKnownFileType = sourcecode.swift; path = ProductBrandApp.swift; sourceTree = "<group>"; };
		17E6B401299A8E580004E91B /* Assets.xcassets */ = {isa = PBXFileReference; lastKnownFileType = folder.assetcatalog; path = Assets.xcassets; sourceTree = "<group>"; };
		17E6B404299A8E580004E91B /* Preview Assets.xcassets */ = {isa = PBXFileReference; lastKnownFileType = folder.assetcatalog; path = "Preview Assets.xcassets"; sourceTree = "<group>"; };
		17E6B40A299A8E580004E91B /* ProductBrandTests.xctest */ = {isa = PBXFileReference; explicitFileType = wrapper.cfbundle; includeInIndex = 0; path = ProductBrandTests.xctest; sourceTree = BUILT_PRODUCTS_DIR; };
		17E6B40E299A8E580004E91B /* ProductBrandTests.swift */ = {isa = PBXFileReference; lastKnownFileType = sourcecode.swift; path = ProductBrandTests.swift; sourceTree = "<group>"; };
		17E6B414299A8E580004E91B /* ProductBrandUITests.xctest */ = {isa = PBXFileReference; explicitFileType = wrapper.cfbundle; includeInIndex = 0; path = ProductBrandUITests.xctest; sourceTree = BUILT_PRODUCTS_DIR; };
		17E6B418299A8E580004E91B /* ProductBrandUITests.swift */ = {isa = PBXFileReference; lastKnownFileType = sourcecode.swift; path = ProductBrandUITests.swift; sourceTree = "<group>"; };
		17E6B41A299A8E580004E91B /* ProductBrandUITestsLaunchTests.swift */ = {isa = PBXFileReference; lastKnownFileType = sourcecode.swift; path = ProductBrandUITestsLaunchTests.swift; sourceTree = "<group>"; };
		17E6B428299A8EAF0004E91B /* ApiRequest.swift */ = {isa = PBXFileReference; lastKnownFileType = sourcecode.swift; path = ApiRequest.swift; sourceTree = "<group>"; };
		17E6B42A299A8F250004E91B /* ViewModel.swift */ = {isa = PBXFileReference; lastKnownFileType = sourcecode.swift; path = ViewModel.swift; sourceTree = "<group>"; };
		17E6B42E299A902B0004E91B /* ServiceError.swift */ = {isa = PBXFileReference; lastKnownFileType = sourcecode.swift; path = ServiceError.swift; sourceTree = "<group>"; };
		17E6B435299AF3C40004E91B /* ProductRequest.swift */ = {isa = PBXFileReference; lastKnownFileType = sourcecode.swift; path = ProductRequest.swift; sourceTree = "<group>"; };
		17E6B438299AF7C50004E91B /* Product.swift */ = {isa = PBXFileReference; lastKnownFileType = sourcecode.swift; path = Product.swift; sourceTree = "<group>"; };
		17E6B43A299AFD440004E91B /* Service.swift */ = {isa = PBXFileReference; lastKnownFileType = sourcecode.swift; path = Service.swift; sourceTree = "<group>"; };
		17E6B43D299AFD9F0004E91B /* ProductService.swift */ = {isa = PBXFileReference; lastKnownFileType = sourcecode.swift; path = ProductService.swift; sourceTree = "<group>"; };
		17E6B43F299AFE4C0004E91B /* ProductViewModel.swift */ = {isa = PBXFileReference; lastKnownFileType = sourcecode.swift; path = ProductViewModel.swift; sourceTree = "<group>"; };
		17E6B442299B025B0004E91B /* DashboardView.swift */ = {isa = PBXFileReference; lastKnownFileType = sourcecode.swift; path = DashboardView.swift; sourceTree = "<group>"; };
		17E6B444299B0B9D0004E91B /* ProductView.swift */ = {isa = PBXFileReference; lastKnownFileType = sourcecode.swift; path = ProductView.swift; sourceTree = "<group>"; };
		17E6B446299B1D6D0004E91B /* SegmentBar.swift */ = {isa = PBXFileReference; lastKnownFileType = sourcecode.swift; path = SegmentBar.swift; sourceTree = "<group>"; };
		17E6B44A299B64D30004E91B /* ProductDetailsView.swift */ = {isa = PBXFileReference; lastKnownFileType = sourcecode.swift; path = ProductDetailsView.swift; sourceTree = "<group>"; };
		17E6B44F299B991D0004E91B /* RemoteImage.swift */ = {isa = PBXFileReference; lastKnownFileType = sourcecode.swift; path = RemoteImage.swift; sourceTree = "<group>"; };
		17E6B451299B9A600004E91B /* URLImage.swift */ = {isa = PBXFileReference; lastKnownFileType = sourcecode.swift; path = URLImage.swift; sourceTree = "<group>"; };
		17E6B454299BB7FF0004E91B /* ImageOverlay.swift */ = {isa = PBXFileReference; lastKnownFileType = sourcecode.swift; path = ImageOverlay.swift; sourceTree = "<group>"; };
		17E6B457299BB9930004E91B /* APIServiceTest.swift */ = {isa = PBXFileReference; lastKnownFileType = sourcecode.swift; path = APIServiceTest.swift; sourceTree = "<group>"; };
		17E6B459299BBAA20004E91B /* MockAPIService.swift */ = {isa = PBXFileReference; lastKnownFileType = sourcecode.swift; path = MockAPIService.swift; sourceTree = "<group>"; };
		17E6B45B299BDBC00004E91B /* MockRequest.swift */ = {isa = PBXFileReference; lastKnownFileType = sourcecode.swift; path = MockRequest.swift; sourceTree = "<group>"; };
/* End PBXFileReference section */

/* Begin PBXFrameworksBuildPhase section */
		17E6B3F7299A8E560004E91B /* Frameworks */ = {
			isa = PBXFrameworksBuildPhase;
			buildActionMask = 2147483647;
			files = (
			);
			runOnlyForDeploymentPostprocessing = 0;
		};
		17E6B407299A8E580004E91B /* Frameworks */ = {
			isa = PBXFrameworksBuildPhase;
			buildActionMask = 2147483647;
			files = (
			);
			runOnlyForDeploymentPostprocessing = 0;
		};
		17E6B411299A8E580004E91B /* Frameworks */ = {
			isa = PBXFrameworksBuildPhase;
			buildActionMask = 2147483647;
			files = (
			);
			runOnlyForDeploymentPostprocessing = 0;
		};
/* End PBXFrameworksBuildPhase section */

/* Begin PBXGroup section */
		17E6B3F1299A8E560004E91B = {
			isa = PBXGroup;
			children = (
				17E6B3FC299A8E560004E91B /* ProductBrand */,
				17E6B40D299A8E580004E91B /* ProductBrandTests */,
				17E6B417299A8E580004E91B /* ProductBrandUITests */,
				17E6B3FB299A8E560004E91B /* Products */,
			);
			sourceTree = "<group>";
		};
		17E6B3FB299A8E560004E91B /* Products */ = {
			isa = PBXGroup;
			children = (
				17E6B3FA299A8E560004E91B /* ProductBrand.app */,
				17E6B40A299A8E580004E91B /* ProductBrandTests.xctest */,
				17E6B414299A8E580004E91B /* ProductBrandUITests.xctest */,
			);
			name = Products;
			sourceTree = "<group>";
		};
		17E6B3FC299A8E560004E91B /* ProductBrand */ = {
			isa = PBXGroup;
			children = (
				17E6B3FD299A8E560004E91B /* ProductBrandApp.swift */,
				17E6B456299BB8570004E91B /* Views */,
				17E6B453299BB7E10004E91B /* ResuableView */,
				17E6B44E299B990C0004E91B /* Common */,
				17E6B441299B02390004E91B /* ViewModel */,
				17E6B43C299AFD7A0004E91B /* API Service */,
				17E6B437299AF7980004E91B /* Model */,
				17E6B432299AF1F20004E91B /* API Request */,
				17E6B427299A8E730004E91B /* Network Protocols */,
				17E6B401299A8E580004E91B /* Assets.xcassets */,
				17E6B403299A8E580004E91B /* Preview Content */,
			);
			path = ProductBrand;
			sourceTree = "<group>";
		};
		17E6B403299A8E580004E91B /* Preview Content */ = {
			isa = PBXGroup;
			children = (
				17E6B404299A8E580004E91B /* Preview Assets.xcassets */,
			);
			path = "Preview Content";
			sourceTree = "<group>";
		};
		17E6B40D299A8E580004E91B /* ProductBrandTests */ = {
			isa = PBXGroup;
			children = (
				17E6B40E299A8E580004E91B /* ProductBrandTests.swift */,
				17E6B457299BB9930004E91B /* APIServiceTest.swift */,
				17E6B459299BBAA20004E91B /* MockAPIService.swift */,
				17E6B45B299BDBC00004E91B /* MockRequest.swift */,
			);
			path = ProductBrandTests;
			sourceTree = "<group>";
		};
		17E6B417299A8E580004E91B /* ProductBrandUITests */ = {
			isa = PBXGroup;
			children = (
				17E6B418299A8E580004E91B /* ProductBrandUITests.swift */,
				17E6B41A299A8E580004E91B /* ProductBrandUITestsLaunchTests.swift */,
			);
			path = ProductBrandUITests;
			sourceTree = "<group>";
		};
		17E6B427299A8E730004E91B /* Network Protocols */ = {
			isa = PBXGroup;
			children = (
				17E6B428299A8EAF0004E91B /* ApiRequest.swift */,
				17E6B43A299AFD440004E91B /* Service.swift */,
				17E6B42E299A902B0004E91B /* ServiceError.swift */,
			);
			path = "Network Protocols";
			sourceTree = "<group>";
		};
		17E6B432299AF1F20004E91B /* API Request */ = {
			isa = PBXGroup;
			children = (
				17E6B435299AF3C40004E91B /* ProductRequest.swift */,
			);
			path = "API Request";
			sourceTree = "<group>";
		};
		17E6B437299AF7980004E91B /* Model */ = {
			isa = PBXGroup;
			children = (
				17E6B438299AF7C50004E91B /* Product.swift */,
			);
			path = Model;
			sourceTree = "<group>";
		};
		17E6B43C299AFD7A0004E91B /* API Service */ = {
			isa = PBXGroup;
			children = (
				17E6B43D299AFD9F0004E91B /* ProductService.swift */,
			);
			path = "API Service";
			sourceTree = "<group>";
		};
		17E6B441299B02390004E91B /* ViewModel */ = {
			isa = PBXGroup;
			children = (
				17E6B43F299AFE4C0004E91B /* ProductViewModel.swift */,
				17E6B42A299A8F250004E91B /* ViewModel.swift */,
			);
			path = ViewModel;
			sourceTree = "<group>";
		};
		17E6B44E299B990C0004E91B /* Common */ = {
			isa = PBXGroup;
			children = (
				17E6B44F299B991D0004E91B /* RemoteImage.swift */,
				17E6B451299B9A600004E91B /* URLImage.swift */,
			);
			path = Common;
			sourceTree = "<group>";
		};
		17E6B453299BB7E10004E91B /* ResuableView */ = {
			isa = PBXGroup;
			children = (
				17E6B446299B1D6D0004E91B /* SegmentBar.swift */,
				17E6B454299BB7FF0004E91B /* ImageOverlay.swift */,
			);
			path = ResuableView;
			sourceTree = "<group>";
		};
		17E6B456299BB8570004E91B /* Views */ = {
			isa = PBXGroup;
			children = (
				17E6B442299B025B0004E91B /* DashboardView.swift */,
				17E6B444299B0B9D0004E91B /* ProductView.swift */,
				17E6B44A299B64D30004E91B /* ProductDetailsView.swift */,
			);
			path = Views;
			sourceTree = "<group>";
		};
/* End PBXGroup section */

/* Begin PBXNativeTarget section */
		17E6B3F9299A8E560004E91B /* ProductBrand */ = {
			isa = PBXNativeTarget;
			buildConfigurationList = 17E6B41E299A8E580004E91B /* Build configuration list for PBXNativeTarget "ProductBrand" */;
			buildPhases = (
				17E6B3F6299A8E560004E91B /* Sources */,
				17E6B3F7299A8E560004E91B /* Frameworks */,
				17E6B3F8299A8E560004E91B /* Resources */,
			);
			buildRules = (
			);
			dependencies = (
			);
			name = ProductBrand;
			productName = ProductBrand;
			productReference = 17E6B3FA299A8E560004E91B /* ProductBrand.app */;
			productType = "com.apple.product-type.application";
		};
		17E6B409299A8E580004E91B /* ProductBrandTests */ = {
			isa = PBXNativeTarget;
			buildConfigurationList = 17E6B421299A8E580004E91B /* Build configuration list for PBXNativeTarget "ProductBrandTests" */;
			buildPhases = (
				17E6B406299A8E580004E91B /* Sources */,
				17E6B407299A8E580004E91B /* Frameworks */,
				17E6B408299A8E580004E91B /* Resources */,
			);
			buildRules = (
			);
			dependencies = (
				17E6B40C299A8E580004E91B /* PBXTargetDependency */,
			);
			name = ProductBrandTests;
			productName = ProductBrandTests;
			productReference = 17E6B40A299A8E580004E91B /* ProductBrandTests.xctest */;
			productType = "com.apple.product-type.bundle.unit-test";
		};
		17E6B413299A8E580004E91B /* ProductBrandUITests */ = {
			isa = PBXNativeTarget;
			buildConfigurationList = 17E6B424299A8E580004E91B /* Build configuration list for PBXNativeTarget "ProductBrandUITests" */;
			buildPhases = (
				17E6B410299A8E580004E91B /* Sources */,
				17E6B411299A8E580004E91B /* Frameworks */,
				17E6B412299A8E580004E91B /* Resources */,
			);
			buildRules = (
			);
			dependencies = (
				17E6B416299A8E580004E91B /* PBXTargetDependency */,
			);
			name = ProductBrandUITests;
			productName = ProductBrandUITests;
			productReference = 17E6B414299A8E580004E91B /* ProductBrandUITests.xctest */;
			productType = "com.apple.product-type.bundle.ui-testing";
		};
/* End PBXNativeTarget section */

/* Begin PBXProject section */
		17E6B3F2299A8E560004E91B /* Project object */ = {
			isa = PBXProject;
			attributes = {
				BuildIndependentTargetsInParallel = 1;
				LastSwiftUpdateCheck = 1410;
				LastUpgradeCheck = 1410;
				TargetAttributes = {
					17E6B3F9299A8E560004E91B = {
						CreatedOnToolsVersion = 14.1;
					};
					17E6B409299A8E580004E91B = {
						CreatedOnToolsVersion = 14.1;
						TestTargetID = 17E6B3F9299A8E560004E91B;
					};
					17E6B413299A8E580004E91B = {
						CreatedOnToolsVersion = 14.1;
						TestTargetID = 17E6B3F9299A8E560004E91B;
					};
				};
			};
			buildConfigurationList = 17E6B3F5299A8E560004E91B /* Build configuration list for PBXProject "ProductBrand" */;
			compatibilityVersion = "Xcode 14.0";
			developmentRegion = en;
			hasScannedForEncodings = 0;
			knownRegions = (
				en,
				Base,
			);
			mainGroup = 17E6B3F1299A8E560004E91B;
			productRefGroup = 17E6B3FB299A8E560004E91B /* Products */;
			projectDirPath = "";
			projectRoot = "";
			targets = (
				17E6B3F9299A8E560004E91B /* ProductBrand */,
				17E6B409299A8E580004E91B /* ProductBrandTests */,
				17E6B413299A8E580004E91B /* ProductBrandUITests */,
			);
		};
/* End PBXProject section */

/* Begin PBXResourcesBuildPhase section */
		17E6B3F8299A8E560004E91B /* Resources */ = {
			isa = PBXResourcesBuildPhase;
			buildActionMask = 2147483647;
			files = (
				17E6B405299A8E580004E91B /* Preview Assets.xcassets in Resources */,
				17E6B402299A8E580004E91B /* Assets.xcassets in Resources */,
			);
			runOnlyForDeploymentPostprocessing = 0;
		};
		17E6B408299A8E580004E91B /* Resources */ = {
			isa = PBXResourcesBuildPhase;
			buildActionMask = 2147483647;
			files = (
			);
			runOnlyForDeploymentPostprocessing = 0;
		};
		17E6B412299A8E580004E91B /* Resources */ = {
			isa = PBXResourcesBuildPhase;
			buildActionMask = 2147483647;
			files = (
			);
			runOnlyForDeploymentPostprocessing = 0;
		};
/* End PBXResourcesBuildPhase section */

/* Begin PBXSourcesBuildPhase section */
		17E6B3F6299A8E560004E91B /* Sources */ = {
			isa = PBXSourcesBuildPhase;
			buildActionMask = 2147483647;
			files = (
				17E6B42F299A902B0004E91B /* ServiceError.swift in Sources */,
				17E6B43B299AFD440004E91B /* Service.swift in Sources */,
				17E6B455299BB7FF0004E91B /* ImageOverlay.swift in Sources */,
				17E6B429299A8EAF0004E91B /* ApiRequest.swift in Sources */,
				17E6B447299B1D6D0004E91B /* SegmentBar.swift in Sources */,
				17E6B440299AFE4C0004E91B /* ProductViewModel.swift in Sources */,
				17E6B42B299A8F250004E91B /* ViewModel.swift in Sources */,
				17E6B3FE299A8E560004E91B /* ProductBrandApp.swift in Sources */,
				17E6B436299AF3C40004E91B /* ProductRequest.swift in Sources */,
				17E6B445299B0B9D0004E91B /* ProductView.swift in Sources */,
				17E6B450299B991D0004E91B /* RemoteImage.swift in Sources */,
				17E6B443299B025B0004E91B /* DashboardView.swift in Sources */,
				17E6B44B299B64D30004E91B /* ProductDetailsView.swift in Sources */,
				17E6B439299AF7C50004E91B /* Product.swift in Sources */,
				17E6B452299B9A600004E91B /* URLImage.swift in Sources */,
				17E6B43E299AFD9F0004E91B /* ProductService.swift in Sources */,
			);
			runOnlyForDeploymentPostprocessing = 0;
		};
		17E6B406299A8E580004E91B /* Sources */ = {
			isa = PBXSourcesBuildPhase;
			buildActionMask = 2147483647;
			files = (
				17E6B45A299BBAA20004E91B /* MockAPIService.swift in Sources */,
				17E6B458299BB9930004E91B /* APIServiceTest.swift in Sources */,
				17E6B40F299A8E580004E91B /* ProductBrandTests.swift in Sources */,
				17E6B45C299BDBC00004E91B /* MockRequest.swift in Sources */,
			);
			runOnlyForDeploymentPostprocessing = 0;
		};
		17E6B410299A8E580004E91B /* Sources */ = {
			isa = PBXSourcesBuildPhase;
			buildActionMask = 2147483647;
			files = (
				17E6B41B299A8E580004E91B /* ProductBrandUITestsLaunchTests.swift in Sources */,
				17E6B419299A8E580004E91B /* ProductBrandUITests.swift in Sources */,
			);
			runOnlyForDeploymentPostprocessing = 0;
		};
/* End PBXSourcesBuildPhase section */

/* Begin PBXTargetDependency section */
		17E6B40C299A8E580004E91B /* PBXTargetDependency */ = {
			isa = PBXTargetDependency;
			target = 17E6B3F9299A8E560004E91B /* ProductBrand */;
			targetProxy = 17E6B40B299A8E580004E91B /* PBXContainerItemProxy */;
		};
		17E6B416299A8E580004E91B /* PBXTargetDependency */ = {
			isa = PBXTargetDependency;
			target = 17E6B3F9299A8E560004E91B /* ProductBrand */;
			targetProxy = 17E6B415299A8E580004E91B /* PBXContainerItemProxy */;
		};
/* End PBXTargetDependency section */

/* Begin XCBuildConfiguration section */
		17E6B41C299A8E580004E91B /* Debug */ = {
			isa = XCBuildConfiguration;
			buildSettings = {
				ALWAYS_SEARCH_USER_PATHS = NO;
				CLANG_ANALYZER_NONNULL = YES;
				CLANG_ANALYZER_NUMBER_OBJECT_CONVERSION = YES_AGGRESSIVE;
				CLANG_CXX_LANGUAGE_STANDARD = "gnu++20";
				CLANG_ENABLE_MODULES = YES;
				CLANG_ENABLE_OBJC_ARC = YES;
				CLANG_ENABLE_OBJC_WEAK = YES;
				CLANG_WARN_BLOCK_CAPTURE_AUTORELEASING = YES;
				CLANG_WARN_BOOL_CONVERSION = YES;
				CLANG_WARN_COMMA = YES;
				CLANG_WARN_CONSTANT_CONVERSION = YES;
				CLANG_WARN_DEPRECATED_OBJC_IMPLEMENTATIONS = YES;
				CLANG_WARN_DIRECT_OBJC_ISA_USAGE = YES_ERROR;
				CLANG_WARN_DOCUMENTATION_COMMENTS = YES;
				CLANG_WARN_EMPTY_BODY = YES;
				CLANG_WARN_ENUM_CONVERSION = YES;
				CLANG_WARN_INFINITE_RECURSION = YES;
				CLANG_WARN_INT_CONVERSION = YES;
				CLANG_WARN_NON_LITERAL_NULL_CONVERSION = YES;
				CLANG_WARN_OBJC_IMPLICIT_RETAIN_SELF = YES;
				CLANG_WARN_OBJC_LITERAL_CONVERSION = YES;
				CLANG_WARN_OBJC_ROOT_CLASS = YES_ERROR;
				CLANG_WARN_QUOTED_INCLUDE_IN_FRAMEWORK_HEADER = YES;
				CLANG_WARN_RANGE_LOOP_ANALYSIS = YES;
				CLANG_WARN_STRICT_PROTOTYPES = YES;
				CLANG_WARN_SUSPICIOUS_MOVE = YES;
				CLANG_WARN_UNGUARDED_AVAILABILITY = YES_AGGRESSIVE;
				CLANG_WARN_UNREACHABLE_CODE = YES;
				CLANG_WARN__DUPLICATE_METHOD_MATCH = YES;
				COPY_PHASE_STRIP = NO;
				DEBUG_INFORMATION_FORMAT = dwarf;
				ENABLE_STRICT_OBJC_MSGSEND = YES;
				ENABLE_TESTABILITY = YES;
				GCC_C_LANGUAGE_STANDARD = gnu11;
				GCC_DYNAMIC_NO_PIC = NO;
				GCC_NO_COMMON_BLOCKS = YES;
				GCC_OPTIMIZATION_LEVEL = 0;
				GCC_PREPROCESSOR_DEFINITIONS = (
					"DEBUG=1",
					"$(inherited)",
				);
				GCC_WARN_64_TO_32_BIT_CONVERSION = YES;
				GCC_WARN_ABOUT_RETURN_TYPE = YES_ERROR;
				GCC_WARN_UNDECLARED_SELECTOR = YES;
				GCC_WARN_UNINITIALIZED_AUTOS = YES_AGGRESSIVE;
				GCC_WARN_UNUSED_FUNCTION = YES;
				GCC_WARN_UNUSED_VARIABLE = YES;
				IPHONEOS_DEPLOYMENT_TARGET = 14.0;
				MTL_ENABLE_DEBUG_INFO = INCLUDE_SOURCE;
				MTL_FAST_MATH = YES;
				ONLY_ACTIVE_ARCH = YES;
				SDKROOT = iphoneos;
				SWIFT_ACTIVE_COMPILATION_CONDITIONS = DEBUG;
				SWIFT_OPTIMIZATION_LEVEL = "-Onone";
			};
			name = Debug;
		};
		17E6B41D299A8E580004E91B /* Release */ = {
			isa = XCBuildConfiguration;
			buildSettings = {
				ALWAYS_SEARCH_USER_PATHS = NO;
				CLANG_ANALYZER_NONNULL = YES;
				CLANG_ANALYZER_NUMBER_OBJECT_CONVERSION = YES_AGGRESSIVE;
				CLANG_CXX_LANGUAGE_STANDARD = "gnu++20";
				CLANG_ENABLE_MODULES = YES;
				CLANG_ENABLE_OBJC_ARC = YES;
				CLANG_ENABLE_OBJC_WEAK = YES;
				CLANG_WARN_BLOCK_CAPTURE_AUTORELEASING = YES;
				CLANG_WARN_BOOL_CONVERSION = YES;
				CLANG_WARN_COMMA = YES;
				CLANG_WARN_CONSTANT_CONVERSION = YES;
				CLANG_WARN_DEPRECATED_OBJC_IMPLEMENTATIONS = YES;
				CLANG_WARN_DIRECT_OBJC_ISA_USAGE = YES_ERROR;
				CLANG_WARN_DOCUMENTATION_COMMENTS = YES;
				CLANG_WARN_EMPTY_BODY = YES;
				CLANG_WARN_ENUM_CONVERSION = YES;
				CLANG_WARN_INFINITE_RECURSION = YES;
				CLANG_WARN_INT_CONVERSION = YES;
				CLANG_WARN_NON_LITERAL_NULL_CONVERSION = YES;
				CLANG_WARN_OBJC_IMPLICIT_RETAIN_SELF = YES;
				CLANG_WARN_OBJC_LITERAL_CONVERSION = YES;
				CLANG_WARN_OBJC_ROOT_CLASS = YES_ERROR;
				CLANG_WARN_QUOTED_INCLUDE_IN_FRAMEWORK_HEADER = YES;
				CLANG_WARN_RANGE_LOOP_ANALYSIS = YES;
				CLANG_WARN_STRICT_PROTOTYPES = YES;
				CLANG_WARN_SUSPICIOUS_MOVE = YES;
				CLANG_WARN_UNGUARDED_AVAILABILITY = YES_AGGRESSIVE;
				CLANG_WARN_UNREACHABLE_CODE = YES;
				CLANG_WARN__DUPLICATE_METHOD_MATCH = YES;
				COPY_PHASE_STRIP = NO;
				DEBUG_INFORMATION_FORMAT = "dwarf-with-dsym";
				ENABLE_NS_ASSERTIONS = NO;
				ENABLE_STRICT_OBJC_MSGSEND = YES;
				GCC_C_LANGUAGE_STANDARD = gnu11;
				GCC_NO_COMMON_BLOCKS = YES;
				GCC_WARN_64_TO_32_BIT_CONVERSION = YES;
				GCC_WARN_ABOUT_RETURN_TYPE = YES_ERROR;
				GCC_WARN_UNDECLARED_SELECTOR = YES;
				GCC_WARN_UNINITIALIZED_AUTOS = YES_AGGRESSIVE;
				GCC_WARN_UNUSED_FUNCTION = YES;
				GCC_WARN_UNUSED_VARIABLE = YES;
				IPHONEOS_DEPLOYMENT_TARGET = 14.0;
				MTL_ENABLE_DEBUG_INFO = NO;
				MTL_FAST_MATH = YES;
				SDKROOT = iphoneos;
				SWIFT_COMPILATION_MODE = wholemodule;
				SWIFT_OPTIMIZATION_LEVEL = "-O";
				VALIDATE_PRODUCT = YES;
			};
			name = Release;
		};
		17E6B41F299A8E580004E91B /* Debug */ = {
			isa = XCBuildConfiguration;
			buildSettings = {
				ASSETCATALOG_COMPILER_APPICON_NAME = AppIcon;
				ASSETCATALOG_COMPILER_GLOBAL_ACCENT_COLOR_NAME = AccentColor;
				CODE_SIGN_STYLE = Automatic;
				CURRENT_PROJECT_VERSION = 1;
				DEVELOPMENT_ASSET_PATHS = "\"ProductBrand/Preview Content\"";
				DEVELOPMENT_TEAM = G6PW8U75V2;
				ENABLE_PREVIEWS = YES;
				GENERATE_INFOPLIST_FILE = YES;
				INFOPLIST_KEY_UIApplicationSceneManifest_Generation = YES;
				INFOPLIST_KEY_UIApplicationSupportsIndirectInputEvents = YES;
				INFOPLIST_KEY_UILaunchScreen_Generation = YES;
				INFOPLIST_KEY_UISupportedInterfaceOrientations_iPad = "UIInterfaceOrientationPortrait UIInterfaceOrientationPortraitUpsideDown UIInterfaceOrientationLandscapeLeft UIInterfaceOrientationLandscapeRight";
				INFOPLIST_KEY_UISupportedInterfaceOrientations_iPhone = "UIInterfaceOrientationPortrait UIInterfaceOrientationLandscapeLeft UIInterfaceOrientationLandscapeRight";
				LD_RUNPATH_SEARCH_PATHS = (
					"$(inherited)",
					"@executable_path/Frameworks",
				);
				MARKETING_VERSION = 1.0;
				PRODUCT_BUNDLE_IDENTIFIER = com.anand.ProductBrand;
				PRODUCT_NAME = "$(TARGET_NAME)";
				SWIFT_EMIT_LOC_STRINGS = YES;
				SWIFT_VERSION = 5.0;
				TARGETED_DEVICE_FAMILY = "1,2";
			};
			name = Debug;
		};
		17E6B420299A8E580004E91B /* Release */ = {
			isa = XCBuildConfiguration;
			buildSettings = {
				ASSETCATALOG_COMPILER_APPICON_NAME = AppIcon;
				ASSETCATALOG_COMPILER_GLOBAL_ACCENT_COLOR_NAME = AccentColor;
				CODE_SIGN_STYLE = Automatic;
				CURRENT_PROJECT_VERSION = 1;
				DEVELOPMENT_ASSET_PATHS = "\"ProductBrand/Preview Content\"";
				DEVELOPMENT_TEAM = G6PW8U75V2;
				ENABLE_PREVIEWS = YES;
				GENERATE_INFOPLIST_FILE = YES;
				INFOPLIST_KEY_UIApplicationSceneManifest_Generation = YES;
				INFOPLIST_KEY_UIApplicationSupportsIndirectInputEvents = YES;
				INFOPLIST_KEY_UILaunchScreen_Generation = YES;
				INFOPLIST_KEY_UISupportedInterfaceOrientations_iPad = "UIInterfaceOrientationPortrait UIInterfaceOrientationPortraitUpsideDown UIInterfaceOrientationLandscapeLeft UIInterfaceOrientationLandscapeRight";
				INFOPLIST_KEY_UISupportedInterfaceOrientations_iPhone = "UIInterfaceOrientationPortrait UIInterfaceOrientationLandscapeLeft UIInterfaceOrientationLandscapeRight";
				LD_RUNPATH_SEARCH_PATHS = (
					"$(inherited)",
					"@executable_path/Frameworks",
				);
				MARKETING_VERSION = 1.0;
				PRODUCT_BUNDLE_IDENTIFIER = com.anand.ProductBrand;
				PRODUCT_NAME = "$(TARGET_NAME)";
				SWIFT_EMIT_LOC_STRINGS = YES;
				SWIFT_VERSION = 5.0;
				TARGETED_DEVICE_FAMILY = "1,2";
			};
			name = Release;
		};
		17E6B422299A8E580004E91B /* Debug */ = {
			isa = XCBuildConfiguration;
			buildSettings = {
				ALWAYS_EMBED_SWIFT_STANDARD_LIBRARIES = YES;
				BUNDLE_LOADER = "$(TEST_HOST)";
				CODE_SIGN_STYLE = Automatic;
				CURRENT_PROJECT_VERSION = 1;
				DEVELOPMENT_TEAM = G6PW8U75V2;
				GENERATE_INFOPLIST_FILE = YES;
				IPHONEOS_DEPLOYMENT_TARGET = 14.0;
				MARKETING_VERSION = 1.0;
				PRODUCT_BUNDLE_IDENTIFIER = com.anand.ProductBrandTests;
				PRODUCT_NAME = "$(TARGET_NAME)";
				SWIFT_EMIT_LOC_STRINGS = NO;
				SWIFT_VERSION = 5.0;
				TARGETED_DEVICE_FAMILY = "1,2";
				TEST_HOST = "$(BUILT_PRODUCTS_DIR)/ProductBrand.app/$(BUNDLE_EXECUTABLE_FOLDER_PATH)/ProductBrand";
			};
			name = Debug;
		};
		17E6B423299A8E580004E91B /* Release */ = {
			isa = XCBuildConfiguration;
			buildSettings = {
				ALWAYS_EMBED_SWIFT_STANDARD_LIBRARIES = YES;
				BUNDLE_LOADER = "$(TEST_HOST)";
				CODE_SIGN_STYLE = Automatic;
				CURRENT_PROJECT_VERSION = 1;
				DEVELOPMENT_TEAM = G6PW8U75V2;
				GENERATE_INFOPLIST_FILE = YES;
				IPHONEOS_DEPLOYMENT_TARGET = 14.0;
				MARKETING_VERSION = 1.0;
				PRODUCT_BUNDLE_IDENTIFIER = com.anand.ProductBrandTests;
				PRODUCT_NAME = "$(TARGET_NAME)";
				SWIFT_EMIT_LOC_STRINGS = NO;
				SWIFT_VERSION = 5.0;
				TARGETED_DEVICE_FAMILY = "1,2";
				TEST_HOST = "$(BUILT_PRODUCTS_DIR)/ProductBrand.app/$(BUNDLE_EXECUTABLE_FOLDER_PATH)/ProductBrand";
			};
			name = Release;
		};
		17E6B425299A8E580004E91B /* Debug */ = {
			isa = XCBuildConfiguration;
			buildSettings = {
				ALWAYS_EMBED_SWIFT_STANDARD_LIBRARIES = YES;
				CODE_SIGN_STYLE = Automatic;
				CURRENT_PROJECT_VERSION = 1;
				DEVELOPMENT_TEAM = G6PW8U75V2;
				GENERATE_INFOPLIST_FILE = YES;
				MARKETING_VERSION = 1.0;
				PRODUCT_BUNDLE_IDENTIFIER = com.anand.ProductBrandUITests;
				PRODUCT_NAME = "$(TARGET_NAME)";
				SWIFT_EMIT_LOC_STRINGS = NO;
				SWIFT_VERSION = 5.0;
				TARGETED_DEVICE_FAMILY = "1,2";
				TEST_TARGET_NAME = ProductBrand;
			};
			name = Debug;
		};
		17E6B426299A8E580004E91B /* Release */ = {
			isa = XCBuildConfiguration;
			buildSettings = {
				ALWAYS_EMBED_SWIFT_STANDARD_LIBRARIES = YES;
				CODE_SIGN_STYLE = Automatic;
				CURRENT_PROJECT_VERSION = 1;
				DEVELOPMENT_TEAM = G6PW8U75V2;
				GENERATE_INFOPLIST_FILE = YES;
				MARKETING_VERSION = 1.0;
				PRODUCT_BUNDLE_IDENTIFIER = com.anand.ProductBrandUITests;
				PRODUCT_NAME = "$(TARGET_NAME)";
				SWIFT_EMIT_LOC_STRINGS = NO;
				SWIFT_VERSION = 5.0;
				TARGETED_DEVICE_FAMILY = "1,2";
				TEST_TARGET_NAME = ProductBrand;
			};
			name = Release;
		};
/* End XCBuildConfiguration section */

/* Begin XCConfigurationList section */
		17E6B3F5299A8E560004E91B /* Build configuration list for PBXProject "ProductBrand" */ = {
			isa = XCConfigurationList;
			buildConfigurations = (
				17E6B41C299A8E580004E91B /* Debug */,
				17E6B41D299A8E580004E91B /* Release */,
			);
			defaultConfigurationIsVisible = 0;
			defaultConfigurationName = Release;
		};
		17E6B41E299A8E580004E91B /* Build configuration list for PBXNativeTarget "ProductBrand" */ = {
			isa = XCConfigurationList;
			buildConfigurations = (
				17E6B41F299A8E580004E91B /* Debug */,
				17E6B420299A8E580004E91B /* Release */,
			);
			defaultConfigurationIsVisible = 0;
			defaultConfigurationName = Release;
		};
		17E6B421299A8E580004E91B /* Build configuration list for PBXNativeTarget "ProductBrandTests" */ = {
			isa = XCConfigurationList;
			buildConfigurations = (
				17E6B422299A8E580004E91B /* Debug */,
				17E6B423299A8E580004E91B /* Release */,
			);
			defaultConfigurationIsVisible = 0;
			defaultConfigurationName = Release;
		};
		17E6B424299A8E580004E91B /* Build configuration list for PBXNativeTarget "ProductBrandUITests" */ = {
			isa = XCConfigurationList;
			buildConfigurations = (
				17E6B425299A8E580004E91B /* Debug */,
				17E6B426299A8E580004E91B /* Release */,
			);
			defaultConfigurationIsVisible = 0;
			defaultConfigurationName = Release;
		};
/* End XCConfigurationList section */
	};
	rootObject = 17E6B3F2299A8E560004E91B /* Project object */;
}
